# This file is automatically @generated by Cargo.
# It is not intended for manual editing.
version = 3

[[package]]
name = "roussillon-memory"
version = "0.1.2"
dependencies = [
 "roussillon-type-system",
]

[[package]]
name = "roussillon-type-system"
version = "0.2.1"
source = "registry+https://github.com/rust-lang/crates.io-index"
checksum = "8efe2184a6ede43dfe548a37a7482222b3b6b2d3331c1e7168c6747644d2f7c1"
