# This file is automatically @generated by Cargo.
# It is not intended for manual editing.
version = 3

[[package]]
name = "roussillon-memory"
version = "0.1.0"
dependencies = [
 "roussillon-type-system",
]

[[package]]
name = "roussillon-type-system"
version = "0.1.5"
source = "registry+https://github.com/rust-lang/crates.io-index"
checksum = "1800e459fbb2957faf286511e40c6d78c835e781d275db3fa323123b68e35ce2"
