# This file is automatically @generated by Cargo.
# It is not intended for manual editing.
version = 3

[[package]]
name = "roussillon-memory"
version = "0.1.0"
dependencies = [
 "roussillon-type-system",
]

[[package]]
name = "roussillon-type-system"
version = "0.1.2"
source = "registry+https://github.com/rust-lang/crates.io-index"
checksum = "1c518ff852fb301951e4c396c41ef113a7794a9855fd8d32a66efc77530d6f6f"
